
Microsoft Visual Studio Solution File, Format Version 12.00
# Visual Studio 2012
Project("{FAE04EC0-301F-11D3-BF4B-00C04F79EFBC}") = "Homeworkss6", "Homeworkss6\Homeworkss6.csproj", "{44516C6B-1FEF-4DF6-B14A-2961DDE4B53B}"
EndProject
Global
	GlobalSection(SolutionConfigurationPlatforms) = preSolution
		Debug|x86 = Debug|x86
		Release|x86 = Release|x86
	EndGlobalSection
	GlobalSection(ProjectConfigurationPlatforms) = postSolution
		{44516C6B-1FEF-4DF6-B14A-2961DDE4B53B}.Debug|x86.ActiveCfg = Debug|x86
		{44516C6B-1FEF-4DF6-B14A-2961DDE4B53B}.Debug|x86.Build.0 = Debug|x86
		{44516C6B-1FEF-4DF6-B14A-2961DDE4B53B}.Release|x86.ActiveCfg = Release|x86
		{44516C6B-1FEF-4DF6-B14A-2961DDE4B53B}.Release|x86.Build.0 = Release|x86
	EndGlobalSection
EndGlobal
